{
  "name": "www",
  "lockfileVersion": 3,
  "requires": true,
  "packages": {
    "": {
      "dependencies": {
        "justified-layout": "^4.1.0"
      }
    },
    "node_modules/justified-layout": {
      "version": "4.1.0",
      "resolved": "https://registry.npmjs.org/justified-layout/-/justified-layout-4.1.0.tgz",
      "integrity": "sha512-M5FimNMXgiOYerVRGsXZ2YK9YNCaTtwtYp7Hb2308U1Q9TXXHx5G0p08mcVR5O53qf8bWY4NJcPBxE6zuayXSg==",
      "license": "ISC"
    }
  }
}
